// !$*UTF8*$!
{
	archiveVersion = 1;
	classes = {
	};
	objectVersion = 51;
	objects = {

/* Begin PBXBuildFile section */
		45216A2A263FAA1A00792B8A /* Observable+Response.swift in Sources */ = {isa = PBXBuildFile; fileRef = 45216A27263FAA1A00792B8A /* Observable+Response.swift */; };
		45216A2B263FAA1A00792B8A /* MoyaProvider+Rx.swift in Sources */ = {isa = PBXBuildFile; fileRef = 45216A28263FAA1A00792B8A /* MoyaProvider+Rx.swift */; };
		45216A2C263FAA1A00792B8A /* Single+Response.swift in Sources */ = {isa = PBXBuildFile; fileRef = 45216A29263FAA1A00792B8A /* Single+Response.swift */; };
		4521C09725AABAF20012D0E7 /* AnimatedTransition.swift in Sources */ = {isa = PBXBuildFile; fileRef = 4521C09625AABAF20012D0E7 /* AnimatedTransition.swift */; };
		5E4F4181259304A50063C1D5 /* AppDelegate.swift in Sources */ = {isa = PBXBuildFile; fileRef = 5E4F4180259304A50063C1D5 /* AppDelegate.swift */; };
		5E4F4183259304A50063C1D5 /* SceneDelegate.swift in Sources */ = {isa = PBXBuildFile; fileRef = 5E4F4182259304A50063C1D5 /* SceneDelegate.swift */; };
		5E4F4188259304A50063C1D5 /* Main.storyboard in Resources */ = {isa = PBXBuildFile; fileRef = 5E4F4186259304A50063C1D5 /* Main.storyboard */; };
		5E4F418A259304A60063C1D5 /* Assets.xcassets in Resources */ = {isa = PBXBuildFile; fileRef = 5E4F4189259304A60063C1D5 /* Assets.xcassets */; };
		5E4F418D259304A60063C1D5 /* LaunchScreen.storyboard in Resources */ = {isa = PBXBuildFile; fileRef = 5E4F418B259304A60063C1D5 /* LaunchScreen.storyboard */; };
		5E4F41DD25930B330063C1D5 /* APIManager.swift in Sources */ = {isa = PBXBuildFile; fileRef = 5E4F41DB25930B330063C1D5 /* APIManager.swift */; };
		5E4F422B25930B4E0063C1D5 /* RootViewController.swift in Sources */ = {isa = PBXBuildFile; fileRef = 5E4F420525930B4E0063C1D5 /* RootViewController.swift */; };
		5E4F422C25930B4E0063C1D5 /* BaseViewController.swift in Sources */ = {isa = PBXBuildFile; fileRef = 5E4F420725930B4E0063C1D5 /* BaseViewController.swift */; };
		5E4F422D25930B4E0063C1D5 /* CustomTabBarController.storyboard in Resources */ = {isa = PBXBuildFile; fileRef = 5E4F420925930B4E0063C1D5 /* CustomTabBarController.storyboard */; };
		5E4F422E25930B4E0063C1D5 /* CustomTabBar.swift in Sources */ = {isa = PBXBuildFile; fileRef = 5E4F420A25930B4E0063C1D5 /* CustomTabBar.swift */; };
		5E4F422F25930B4E0063C1D5 /* CustomTabBarController.swift in Sources */ = {isa = PBXBuildFile; fileRef = 5E4F420B25930B4E0063C1D5 /* CustomTabBarController.swift */; };
		5E4F423025930B4E0063C1D5 /* BaseNavigationController.swift in Sources */ = {isa = PBXBuildFile; fileRef = 5E4F420C25930B4E0063C1D5 /* BaseNavigationController.swift */; };
		5E6E490E25A83CA300CB5A96 /* MonthDescriptionCell.swift in Sources */ = {isa = PBXBuildFile; fileRef = 5E6E490C25A83CA300CB5A96 /* MonthDescriptionCell.swift */; };
		5E6E490F25A83CA300CB5A96 /* MonthDescriptionCell.xib in Resources */ = {isa = PBXBuildFile; fileRef = 5E6E490D25A83CA300CB5A96 /* MonthDescriptionCell.xib */; };
		5E6E491225A8456C00CB5A96 /* RecordsViewModel.swift in Sources */ = {isa = PBXBuildFile; fileRef = 5E839F2E2593328500815F43 /* RecordsViewModel.swift */; };
		5E6E492725ABDC8F00CB5A96 /* ChartsViewModel.swift in Sources */ = {isa = PBXBuildFile; fileRef = 5E6E492625ABDC8F00CB5A96 /* ChartsViewModel.swift */; };
		5E6E49C325B0266600CB5A96 /* MonthObject.swift in Sources */ = {isa = PBXBuildFile; fileRef = 5E6E49C225B0266600CB5A96 /* MonthObject.swift */; };
		5E6E49C625B027EB00CB5A96 /* RealmManager.swift in Sources */ = {isa = PBXBuildFile; fileRef = 5E6E49C525B027EB00CB5A96 /* RealmManager.swift */; };
		5E74630D25C161CC00713F16 /* MonthWeightLineChartCell.swift in Sources */ = {isa = PBXBuildFile; fileRef = 5E74630B25C161CB00713F16 /* MonthWeightLineChartCell.swift */; };
		5E74630E25C161CC00713F16 /* MonthWeightLineChartCell.xib in Resources */ = {isa = PBXBuildFile; fileRef = 5E74630C25C161CB00713F16 /* MonthWeightLineChartCell.xib */; };
		5E839EFE25931ADA00815F43 /* RxCollectionViewCell.swift in Sources */ = {isa = PBXBuildFile; fileRef = 5E839EFB25931ADA00815F43 /* RxCollectionViewCell.swift */; };
		5E839EFF25931ADA00815F43 /* RxTableViewCell.swift in Sources */ = {isa = PBXBuildFile; fileRef = 5E839EFD25931ADA00815F43 /* RxTableViewCell.swift */; };
		5E839F0425931AED00815F43 /* ViewExtensions.swift in Sources */ = {isa = PBXBuildFile; fileRef = 5E839F0225931AED00815F43 /* ViewExtensions.swift */; };
		5E839F0525931AED00815F43 /* GlobalConstants.swift in Sources */ = {isa = PBXBuildFile; fileRef = 5E839F0325931AED00815F43 /* GlobalConstants.swift */; };
		5E839F0B2593224D00815F43 /* TargetViewController.swift in Sources */ = {isa = PBXBuildFile; fileRef = 5E839F0A2593224D00815F43 /* TargetViewController.swift */; };
		5E839F0E259323F500815F43 /* TargetViewController.storyboard in Resources */ = {isa = PBXBuildFile; fileRef = 5E839F0D259323F500815F43 /* TargetViewController.storyboard */; };
		5E839F2C2593321F00815F43 /* GitHubAPI.swift in Sources */ = {isa = PBXBuildFile; fileRef = 5E4F41DA25930B330063C1D5 /* GitHubAPI.swift */; };
		5E839F322593337E00815F43 /* WeightModel.swift in Sources */ = {isa = PBXBuildFile; fileRef = 5E839F312593337E00815F43 /* WeightModel.swift */; };
		5E839F382593356800815F43 /* WeightResponseModel.swift in Sources */ = {isa = PBXBuildFile; fileRef = 5E839F34259334D500815F43 /* WeightResponseModel.swift */; };
		5E83A18E259D60D900815F43 /* MonthModel.swift in Sources */ = {isa = PBXBuildFile; fileRef = 5E83A18D259D60D900815F43 /* MonthModel.swift */; };
		5E83A196259D7A7100815F43 /* CardsLayout.swift in Sources */ = {isa = PBXBuildFile; fileRef = 5E83A192259D7A3300815F43 /* CardsLayout.swift */; };
		5E83A19A259D9A0100815F43 /* CardCell.swift in Sources */ = {isa = PBXBuildFile; fileRef = 5E83A198259D9A0100815F43 /* CardCell.swift */; };
		5E83A19B259D9A0100815F43 /* CardCell.xib in Resources */ = {isa = PBXBuildFile; fileRef = 5E83A199259D9A0100815F43 /* CardCell.xib */; };
		5EAB14E325A6D19B00DBA4EC /* MonthRecordsViewController.swift in Sources */ = {isa = PBXBuildFile; fileRef = 5E839F1225932B0F00815F43 /* MonthRecordsViewController.swift */; };
		5EAB150A25A6D2A000DBA4EC /* MonthChartsViewController.swift in Sources */ = {isa = PBXBuildFile; fileRef = 5EAB150925A6D2A000DBA4EC /* MonthChartsViewController.swift */; };
		5EAB150D25A6D31A00DBA4EC /* Records.storyboard in Resources */ = {isa = PBXBuildFile; fileRef = 5E839F1525932B2700815F43 /* Records.storyboard */; };
		5EAB153F25A7EA7900DBA4EC /* MonthDescriptionView.swift in Sources */ = {isa = PBXBuildFile; fileRef = 5EAB153E25A7EA7900DBA4EC /* MonthDescriptionView.swift */; };
		5EAB154225A7EB5900DBA4EC /* MonthDescriptionView.xib in Resources */ = {isa = PBXBuildFile; fileRef = 5EAB154125A7EB5900DBA4EC /* MonthDescriptionView.xib */; };
		5EF9A3B425CA92BB008D3604 /* MonthDescriptionCellViewModel.swift in Sources */ = {isa = PBXBuildFile; fileRef = 5EF9A3B325CA92BB008D3604 /* MonthDescriptionCellViewModel.swift */; };
		847CD4DCFC0C018977DEA440 /* Pods_LSDLoseWeightPlan.framework in Frameworks */ = {isa = PBXBuildFile; fileRef = BB5C23F921C5F35546F1C74C /* Pods_LSDLoseWeightPlan.framework */; };
/* End PBXBuildFile section */

/* Begin PBXFileReference section */
		32B740839EC127B76CF2C100 /* Pods-LSDLoseWeightPlan.release.xcconfig */ = {isa = PBXFileReference; includeInIndex = 1; lastKnownFileType = text.xcconfig; name = "Pods-LSDLoseWeightPlan.release.xcconfig"; path = "Target Support Files/Pods-LSDLoseWeightPlan/Pods-LSDLoseWeightPlan.release.xcconfig"; sourceTree = "<group>"; };
		45216A27263FAA1A00792B8A /* Observable+Response.swift */ = {isa = PBXFileReference; fileEncoding = 4; lastKnownFileType = sourcecode.swift; path = "Observable+Response.swift"; sourceTree = "<group>"; };
		45216A28263FAA1A00792B8A /* MoyaProvider+Rx.swift */ = {isa = PBXFileReference; fileEncoding = 4; lastKnownFileType = sourcecode.swift; path = "MoyaProvider+Rx.swift"; sourceTree = "<group>"; };
		45216A29263FAA1A00792B8A /* Single+Response.swift */ = {isa = PBXFileReference; fileEncoding = 4; lastKnownFileType = sourcecode.swift; path = "Single+Response.swift"; sourceTree = "<group>"; };
		4521C09625AABAF20012D0E7 /* AnimatedTransition.swift */ = {isa = PBXFileReference; lastKnownFileType = sourcecode.swift; path = AnimatedTransition.swift; sourceTree = "<group>"; };
		5E4F417D259304A50063C1D5 /* LSDLoseWeightPlan.app */ = {isa = PBXFileReference; explicitFileType = wrapper.application; includeInIndex = 0; path = LSDLoseWeightPlan.app; sourceTree = BUILT_PRODUCTS_DIR; };
		5E4F4180259304A50063C1D5 /* AppDelegate.swift */ = {isa = PBXFileReference; lastKnownFileType = sourcecode.swift; path = AppDelegate.swift; sourceTree = "<group>"; };
		5E4F4182259304A50063C1D5 /* SceneDelegate.swift */ = {isa = PBXFileReference; lastKnownFileType = sourcecode.swift; path = SceneDelegate.swift; sourceTree = "<group>"; };
		5E4F4187259304A50063C1D5 /* Base */ = {isa = PBXFileReference; lastKnownFileType = file.storyboard; name = Base; path = Base.lproj/Main.storyboard; sourceTree = "<group>"; };
		5E4F4189259304A60063C1D5 /* Assets.xcassets */ = {isa = PBXFileReference; lastKnownFileType = folder.assetcatalog; path = Assets.xcassets; sourceTree = "<group>"; };
		5E4F418C259304A60063C1D5 /* Base */ = {isa = PBXFileReference; lastKnownFileType = file.storyboard; name = Base; path = Base.lproj/LaunchScreen.storyboard; sourceTree = "<group>"; };
		5E4F418E259304A60063C1D5 /* Info.plist */ = {isa = PBXFileReference; lastKnownFileType = text.plist.xml; path = Info.plist; sourceTree = "<group>"; };
		5E4F41DA25930B330063C1D5 /* GitHubAPI.swift */ = {isa = PBXFileReference; fileEncoding = 4; lastKnownFileType = sourcecode.swift; path = GitHubAPI.swift; sourceTree = "<group>"; };
		5E4F41DB25930B330063C1D5 /* APIManager.swift */ = {isa = PBXFileReference; fileEncoding = 4; lastKnownFileType = sourcecode.swift; path = APIManager.swift; sourceTree = "<group>"; };
		5E4F420525930B4E0063C1D5 /* RootViewController.swift */ = {isa = PBXFileReference; fileEncoding = 4; lastKnownFileType = sourcecode.swift; path = RootViewController.swift; sourceTree = "<group>"; };
		5E4F420725930B4E0063C1D5 /* BaseViewController.swift */ = {isa = PBXFileReference; fileEncoding = 4; lastKnownFileType = sourcecode.swift; path = BaseViewController.swift; sourceTree = "<group>"; };
		5E4F420925930B4E0063C1D5 /* CustomTabBarController.storyboard */ = {isa = PBXFileReference; fileEncoding = 4; lastKnownFileType = file.storyboard; path = CustomTabBarController.storyboard; sourceTree = "<group>"; };
		5E4F420A25930B4E0063C1D5 /* CustomTabBar.swift */ = {isa = PBXFileReference; fileEncoding = 4; lastKnownFileType = sourcecode.swift; path = CustomTabBar.swift; sourceTree = "<group>"; };
		5E4F420B25930B4E0063C1D5 /* CustomTabBarController.swift */ = {isa = PBXFileReference; fileEncoding = 4; lastKnownFileType = sourcecode.swift; path = CustomTabBarController.swift; sourceTree = "<group>"; };
		5E4F420C25930B4E0063C1D5 /* BaseNavigationController.swift */ = {isa = PBXFileReference; fileEncoding = 4; lastKnownFileType = sourcecode.swift; path = BaseNavigationController.swift; sourceTree = "<group>"; };
		5E6E490C25A83CA300CB5A96 /* MonthDescriptionCell.swift */ = {isa = PBXFileReference; lastKnownFileType = sourcecode.swift; path = MonthDescriptionCell.swift; sourceTree = "<group>"; };
		5E6E490D25A83CA300CB5A96 /* MonthDescriptionCell.xib */ = {isa = PBXFileReference; lastKnownFileType = file.xib; path = MonthDescriptionCell.xib; sourceTree = "<group>"; };
		5E6E492625ABDC8F00CB5A96 /* ChartsViewModel.swift */ = {isa = PBXFileReference; lastKnownFileType = sourcecode.swift; path = ChartsViewModel.swift; sourceTree = "<group>"; };
		5E6E49C225B0266600CB5A96 /* MonthObject.swift */ = {isa = PBXFileReference; lastKnownFileType = sourcecode.swift; path = MonthObject.swift; sourceTree = "<group>"; };
		5E6E49C525B027EB00CB5A96 /* RealmManager.swift */ = {isa = PBXFileReference; lastKnownFileType = sourcecode.swift; path = RealmManager.swift; sourceTree = "<group>"; };
		5E74630B25C161CB00713F16 /* MonthWeightLineChartCell.swift */ = {isa = PBXFileReference; lastKnownFileType = sourcecode.swift; path = MonthWeightLineChartCell.swift; sourceTree = "<group>"; };
		5E74630C25C161CB00713F16 /* MonthWeightLineChartCell.xib */ = {isa = PBXFileReference; lastKnownFileType = file.xib; path = MonthWeightLineChartCell.xib; sourceTree = "<group>"; };
		5E839EFB25931ADA00815F43 /* RxCollectionViewCell.swift */ = {isa = PBXFileReference; fileEncoding = 4; lastKnownFileType = sourcecode.swift; path = RxCollectionViewCell.swift; sourceTree = "<group>"; };
		5E839EFD25931ADA00815F43 /* RxTableViewCell.swift */ = {isa = PBXFileReference; fileEncoding = 4; lastKnownFileType = sourcecode.swift; path = RxTableViewCell.swift; sourceTree = "<group>"; };
		5E839F0225931AED00815F43 /* ViewExtensions.swift */ = {isa = PBXFileReference; fileEncoding = 4; lastKnownFileType = sourcecode.swift; path = ViewExtensions.swift; sourceTree = "<group>"; };
		5E839F0325931AED00815F43 /* GlobalConstants.swift */ = {isa = PBXFileReference; fileEncoding = 4; lastKnownFileType = sourcecode.swift; path = GlobalConstants.swift; sourceTree = "<group>"; };
		5E839F0A2593224D00815F43 /* TargetViewController.swift */ = {isa = PBXFileReference; lastKnownFileType = sourcecode.swift; path = TargetViewController.swift; sourceTree = "<group>"; };
		5E839F0D259323F500815F43 /* TargetViewController.storyboard */ = {isa = PBXFileReference; lastKnownFileType = file.storyboard; path = TargetViewController.storyboard; sourceTree = "<group>"; };
		5E839F1225932B0F00815F43 /* MonthRecordsViewController.swift */ = {isa = PBXFileReference; lastKnownFileType = sourcecode.swift; path = MonthRecordsViewController.swift; sourceTree = "<group>"; };
		5E839F1525932B2700815F43 /* Records.storyboard */ = {isa = PBXFileReference; lastKnownFileType = file.storyboard; path = Records.storyboard; sourceTree = "<group>"; };
		5E839F2E2593328500815F43 /* RecordsViewModel.swift */ = {isa = PBXFileReference; lastKnownFileType = sourcecode.swift; path = RecordsViewModel.swift; sourceTree = "<group>"; };
		5E839F312593337E00815F43 /* WeightModel.swift */ = {isa = PBXFileReference; lastKnownFileType = sourcecode.swift; path = WeightModel.swift; sourceTree = "<group>"; };
		5E839F34259334D500815F43 /* WeightResponseModel.swift */ = {isa = PBXFileReference; lastKnownFileType = sourcecode.swift; path = WeightResponseModel.swift; sourceTree = "<group>"; };
		5E83A18D259D60D900815F43 /* MonthModel.swift */ = {isa = PBXFileReference; lastKnownFileType = sourcecode.swift; path = MonthModel.swift; sourceTree = "<group>"; };
		5E83A192259D7A3300815F43 /* CardsLayout.swift */ = {isa = PBXFileReference; lastKnownFileType = sourcecode.swift; path = CardsLayout.swift; sourceTree = "<group>"; };
		5E83A198259D9A0100815F43 /* CardCell.swift */ = {isa = PBXFileReference; lastKnownFileType = sourcecode.swift; path = CardCell.swift; sourceTree = "<group>"; };
		5E83A199259D9A0100815F43 /* CardCell.xib */ = {isa = PBXFileReference; lastKnownFileType = file.xib; path = CardCell.xib; sourceTree = "<group>"; };
		5EAB150925A6D2A000DBA4EC /* MonthChartsViewController.swift */ = {isa = PBXFileReference; lastKnownFileType = sourcecode.swift; path = MonthChartsViewController.swift; sourceTree = "<group>"; };
		5EAB153E25A7EA7900DBA4EC /* MonthDescriptionView.swift */ = {isa = PBXFileReference; lastKnownFileType = sourcecode.swift; path = MonthDescriptionView.swift; sourceTree = "<group>"; };
		5EAB154125A7EB5900DBA4EC /* MonthDescriptionView.xib */ = {isa = PBXFileReference; lastKnownFileType = file.xib; path = MonthDescriptionView.xib; sourceTree = "<group>"; };
		5EF9A3B325CA92BB008D3604 /* MonthDescriptionCellViewModel.swift */ = {isa = PBXFileReference; lastKnownFileType = sourcecode.swift; path = MonthDescriptionCellViewModel.swift; sourceTree = "<group>"; };
		732F6EC0BC2D2DC3F0034D42 /* Pods-LSDLoseWeightPlan.debug.xcconfig */ = {isa = PBXFileReference; includeInIndex = 1; lastKnownFileType = text.xcconfig; name = "Pods-LSDLoseWeightPlan.debug.xcconfig"; path = "Target Support Files/Pods-LSDLoseWeightPlan/Pods-LSDLoseWeightPlan.debug.xcconfig"; sourceTree = "<group>"; };
		BB5C23F921C5F35546F1C74C /* Pods_LSDLoseWeightPlan.framework */ = {isa = PBXFileReference; explicitFileType = wrapper.framework; includeInIndex = 0; path = Pods_LSDLoseWeightPlan.framework; sourceTree = BUILT_PRODUCTS_DIR; };
/* End PBXFileReference section */

/* Begin PBXFrameworksBuildPhase section */
		5E4F417A259304A50063C1D5 /* Frameworks */ = {
			isa = PBXFrameworksBuildPhase;
			buildActionMask = 2147483647;
			files = (
				847CD4DCFC0C018977DEA440 /* Pods_LSDLoseWeightPlan.framework in Frameworks */,
			);
			runOnlyForDeploymentPostprocessing = 0;
		};
/* End PBXFrameworksBuildPhase section */

/* Begin PBXGroup section */
		072C4F6EA667AA462395DF8C /* Frameworks */ = {
			isa = PBXGroup;
			children = (
				BB5C23F921C5F35546F1C74C /* Pods_LSDLoseWeightPlan.framework */,
			);
			name = Frameworks;
			sourceTree = "<group>";
		};
		45216A26263FAA1A00792B8A /* RxMoya */ = {
			isa = PBXGroup;
			children = (
				45216A27263FAA1A00792B8A /* Observable+Response.swift */,
				45216A28263FAA1A00792B8A /* MoyaProvider+Rx.swift */,
				45216A29263FAA1A00792B8A /* Single+Response.swift */,
			);
			path = RxMoya;
			sourceTree = "<group>";
		};
		5E4F4174259304A50063C1D5 = {
			isa = PBXGroup;
			children = (
				5E4F417F259304A50063C1D5 /* LSDLoseWeightPlan */,
				5E4F417E259304A50063C1D5 /* Products */,
				BC9F790B4917AAE0CC52418A /* Pods */,
				072C4F6EA667AA462395DF8C /* Frameworks */,
			);
			sourceTree = "<group>";
		};
		5E4F417E259304A50063C1D5 /* Products */ = {
			isa = PBXGroup;
			children = (
				5E4F417D259304A50063C1D5 /* LSDLoseWeightPlan.app */,
			);
			name = Products;
			sourceTree = "<group>";
		};
		5E4F417F259304A50063C1D5 /* LSDLoseWeightPlan */ = {
			isa = PBXGroup;
			children = (
				5E4F4180259304A50063C1D5 /* AppDelegate.swift */,
				5E4F4182259304A50063C1D5 /* SceneDelegate.swift */,
				5E4F4186259304A50063C1D5 /* Main.storyboard */,
				5E839F0125931AED00815F43 /* Extensions */,
				5E839EF825931ADA00815F43 /* Common */,
				5E4F41D925930B330063C1D5 /* API */,
				5E4F420625930B4E0063C1D5 /* Base */,
				5E4F41E025930B4E0063C1D5 /* Modules */,
				5E4F4189259304A60063C1D5 /* Assets.xcassets */,
				5E4F418B259304A60063C1D5 /* LaunchScreen.storyboard */,
				5E4F418E259304A60063C1D5 /* Info.plist */,
				5E6E49C025B025BB00CB5A96 /* Services */,
			);
			path = LSDLoseWeightPlan;
			sourceTree = "<group>";
		};
		5E4F41D925930B330063C1D5 /* API */ = {
			isa = PBXGroup;
			children = (
				5E4F41DA25930B330063C1D5 /* GitHubAPI.swift */,
				5E4F41DB25930B330063C1D5 /* APIManager.swift */,
			);
			path = API;
			sourceTree = "<group>";
		};
		5E4F41E025930B4E0063C1D5 /* Modules */ = {
			isa = PBXGroup;
			children = (
				5E4F420425930B4E0063C1D5 /* Root */,
				5E839F0925931F1600815F43 /* Target */,
				5E839F102593267F00815F43 /* Records */,
			);
			path = Modules;
			sourceTree = "<group>";
		};
		5E4F420425930B4E0063C1D5 /* Root */ = {
			isa = PBXGroup;
			children = (
				5E4F420525930B4E0063C1D5 /* RootViewController.swift */,
			);
			path = Root;
			sourceTree = "<group>";
		};
		5E4F420625930B4E0063C1D5 /* Base */ = {
			isa = PBXGroup;
			children = (
				5E4F420725930B4E0063C1D5 /* BaseViewController.swift */,
				5E4F420C25930B4E0063C1D5 /* BaseNavigationController.swift */,
				5E4F420825930B4E0063C1D5 /* TabBar */,
			);
			path = Base;
			sourceTree = "<group>";
		};
		5E4F420825930B4E0063C1D5 /* TabBar */ = {
			isa = PBXGroup;
			children = (
				5E4F420925930B4E0063C1D5 /* CustomTabBarController.storyboard */,
				5E4F420A25930B4E0063C1D5 /* CustomTabBar.swift */,
				5E4F420B25930B4E0063C1D5 /* CustomTabBarController.swift */,
			);
			path = TabBar;
			sourceTree = "<group>";
		};
		5E6E49C025B025BB00CB5A96 /* Services */ = {
			isa = PBXGroup;
			children = (
				5E6E49C125B0260900CB5A96 /* Realm */,
			);
			path = Services;
			sourceTree = "<group>";
		};
		5E6E49C125B0260900CB5A96 /* Realm */ = {
			isa = PBXGroup;
			children = (
				5E6E49C225B0266600CB5A96 /* MonthObject.swift */,
				5E6E49C525B027EB00CB5A96 /* RealmManager.swift */,
			);
			path = Realm;
			sourceTree = "<group>";
		};
		5E839EF825931ADA00815F43 /* Common */ = {
			isa = PBXGroup;
			children = (
				5E839EF925931ADA00815F43 /* Views */,
			);
			path = Common;
			sourceTree = "<group>";
		};
		5E839EF925931ADA00815F43 /* Views */ = {
			isa = PBXGroup;
			children = (
				5E839EFA25931ADA00815F43 /* CollectionViewCell */,
				5E839EFC25931ADA00815F43 /* TableViewCell */,
			);
			path = Views;
			sourceTree = "<group>";
		};
		5E839EFA25931ADA00815F43 /* CollectionViewCell */ = {
			isa = PBXGroup;
			children = (
				5E839EFB25931ADA00815F43 /* RxCollectionViewCell.swift */,
			);
			path = CollectionViewCell;
			sourceTree = "<group>";
		};
		5E839EFC25931ADA00815F43 /* TableViewCell */ = {
			isa = PBXGroup;
			children = (
				5E839EFD25931ADA00815F43 /* RxTableViewCell.swift */,
			);
			path = TableViewCell;
			sourceTree = "<group>";
		};
		5E839F0125931AED00815F43 /* Extensions */ = {
			isa = PBXGroup;
			children = (
				5E839F0225931AED00815F43 /* ViewExtensions.swift */,
				5E839F0325931AED00815F43 /* GlobalConstants.swift */,
				45216A26263FAA1A00792B8A /* RxMoya */,
			);
			path = Extensions;
			sourceTree = "<group>";
		};
		5E839F0925931F1600815F43 /* Target */ = {
			isa = PBXGroup;
			children = (
				5E839F0A2593224D00815F43 /* TargetViewController.swift */,
				5E839F0D259323F500815F43 /* TargetViewController.storyboard */,
			);
			path = Target;
			sourceTree = "<group>";
		};
		5E839F102593267F00815F43 /* Records */ = {
			isa = PBXGroup;
			children = (
				5E839F1525932B2700815F43 /* Records.storyboard */,
				5E839F1225932B0F00815F43 /* MonthRecordsViewController.swift */,
				5EAB150925A6D2A000DBA4EC /* MonthChartsViewController.swift */,
				4521C09625AABAF20012D0E7 /* AnimatedTransition.swift */,
				5E83A188259D5FDF00815F43 /* Views */,
				5E839F1925932CEE00815F43 /* Models */,
				5E839F1825932CE200815F43 /* ViewModels */,
			);
			path = Records;
			sourceTree = "<group>";
		};
		5E839F1825932CE200815F43 /* ViewModels */ = {
			isa = PBXGroup;
			children = (
				5E839F2E2593328500815F43 /* RecordsViewModel.swift */,
				5E6E492625ABDC8F00CB5A96 /* ChartsViewModel.swift */,
				5EF9A3B325CA92BB008D3604 /* MonthDescriptionCellViewModel.swift */,
			);
			path = ViewModels;
			sourceTree = "<group>";
		};
		5E839F1925932CEE00815F43 /* Models */ = {
			isa = PBXGroup;
			children = (
				5E839F312593337E00815F43 /* WeightModel.swift */,
				5E839F34259334D500815F43 /* WeightResponseModel.swift */,
				5E83A18D259D60D900815F43 /* MonthModel.swift */,
			);
			path = Models;
			sourceTree = "<group>";
		};
		5E83A188259D5FDF00815F43 /* Views */ = {
			isa = PBXGroup;
			children = (
				5E83A192259D7A3300815F43 /* CardsLayout.swift */,
				5E83A198259D9A0100815F43 /* CardCell.swift */,
				5E83A199259D9A0100815F43 /* CardCell.xib */,
				5EAB153E25A7EA7900DBA4EC /* MonthDescriptionView.swift */,
				5EAB154125A7EB5900DBA4EC /* MonthDescriptionView.xib */,
				5E6E490C25A83CA300CB5A96 /* MonthDescriptionCell.swift */,
				5E6E490D25A83CA300CB5A96 /* MonthDescriptionCell.xib */,
				5E74630B25C161CB00713F16 /* MonthWeightLineChartCell.swift */,
				5E74630C25C161CB00713F16 /* MonthWeightLineChartCell.xib */,
			);
			path = Views;
			sourceTree = "<group>";
		};
		BC9F790B4917AAE0CC52418A /* Pods */ = {
			isa = PBXGroup;
			children = (
				732F6EC0BC2D2DC3F0034D42 /* Pods-LSDLoseWeightPlan.debug.xcconfig */,
				32B740839EC127B76CF2C100 /* Pods-LSDLoseWeightPlan.release.xcconfig */,
			);
			path = Pods;
			sourceTree = "<group>";
		};
/* End PBXGroup section */

/* Begin PBXNativeTarget section */
		5E4F417C259304A50063C1D5 /* LSDLoseWeightPlan */ = {
			isa = PBXNativeTarget;
			buildConfigurationList = 5E4F4191259304A60063C1D5 /* Build configuration list for PBXNativeTarget "LSDLoseWeightPlan" */;
			buildPhases = (
				67126B775892B410362AD638 /* [CP] Check Pods Manifest.lock */,
				5E4F4179259304A50063C1D5 /* Sources */,
				5E4F417A259304A50063C1D5 /* Frameworks */,
				5E4F417B259304A50063C1D5 /* Resources */,
				A5101E3A954A7D3DFA75A008 /* [CP] Embed Pods Frameworks */,
			);
			buildRules = (
			);
			dependencies = (
			);
			name = LSDLoseWeightPlan;
			productName = LSDLoseWeightPlan;
			productReference = 5E4F417D259304A50063C1D5 /* LSDLoseWeightPlan.app */;
			productType = "com.apple.product-type.application";
		};
/* End PBXNativeTarget section */

/* Begin PBXProject section */
		5E4F4175259304A50063C1D5 /* Project object */ = {
			isa = PBXProject;
			attributes = {
				LastSwiftUpdateCheck = 1230;
				LastUpgradeCheck = 1230;
				TargetAttributes = {
					5E4F417C259304A50063C1D5 = {
						CreatedOnToolsVersion = 12.3;
					};
				};
			};
			buildConfigurationList = 5E4F4178259304A50063C1D5 /* Build configuration list for PBXProject "LSDLoseWeightPlan" */;
			compatibilityVersion = "Xcode 9.3";
			developmentRegion = en;
			hasScannedForEncodings = 0;
			knownRegions = (
				en,
				Base,
			);
			mainGroup = 5E4F4174259304A50063C1D5;
			productRefGroup = 5E4F417E259304A50063C1D5 /* Products */;
			projectDirPath = "";
			projectRoot = "";
			targets = (
				5E4F417C259304A50063C1D5 /* LSDLoseWeightPlan */,
			);
		};
/* End PBXProject section */

/* Begin PBXResourcesBuildPhase section */
		5E4F417B259304A50063C1D5 /* Resources */ = {
			isa = PBXResourcesBuildPhase;
			buildActionMask = 2147483647;
			files = (
				5E839F0E259323F500815F43 /* TargetViewController.storyboard in Resources */,
				5E4F418D259304A60063C1D5 /* LaunchScreen.storyboard in Resources */,
				5EAB150D25A6D31A00DBA4EC /* Records.storyboard in Resources */,
				5E74630E25C161CC00713F16 /* MonthWeightLineChartCell.xib in Resources */,
				5E6E490F25A83CA300CB5A96 /* MonthDescriptionCell.xib in Resources */,
				5E83A19B259D9A0100815F43 /* CardCell.xib in Resources */,
				5E4F418A259304A60063C1D5 /* Assets.xcassets in Resources */,
				5E4F422D25930B4E0063C1D5 /* CustomTabBarController.storyboard in Resources */,
				5EAB154225A7EB5900DBA4EC /* MonthDescriptionView.xib in Resources */,
				5E4F4188259304A50063C1D5 /* Main.storyboard in Resources */,
			);
			runOnlyForDeploymentPostprocessing = 0;
		};
/* End PBXResourcesBuildPhase section */

/* Begin PBXShellScriptBuildPhase section */
		67126B775892B410362AD638 /* [CP] Check Pods Manifest.lock */ = {
			isa = PBXShellScriptBuildPhase;
			buildActionMask = 2147483647;
			files = (
			);
			inputFileListPaths = (
			);
			inputPaths = (
				"${PODS_PODFILE_DIR_PATH}/Podfile.lock",
				"${PODS_ROOT}/Manifest.lock",
			);
			name = "[CP] Check Pods Manifest.lock";
			outputFileListPaths = (
			);
			outputPaths = (
				"$(DERIVED_FILE_DIR)/Pods-LSDLoseWeightPlan-checkManifestLockResult.txt",
			);
			runOnlyForDeploymentPostprocessing = 0;
			shellPath = /bin/sh;
			shellScript = "diff \"${PODS_PODFILE_DIR_PATH}/Podfile.lock\" \"${PODS_ROOT}/Manifest.lock\" > /dev/null\nif [ $? != 0 ] ; then\n    # print error to STDERR\n    echo \"error: The sandbox is not in sync with the Podfile.lock. Run 'pod install' or update your CocoaPods installation.\" >&2\n    exit 1\nfi\n# This output is used by Xcode 'outputs' to avoid re-running this script phase.\necho \"SUCCESS\" > \"${SCRIPT_OUTPUT_FILE_0}\"\n";
			showEnvVarsInLog = 0;
		};
		A5101E3A954A7D3DFA75A008 /* [CP] Embed Pods Frameworks */ = {
			isa = PBXShellScriptBuildPhase;
			buildActionMask = 2147483647;
			files = (
			);
			inputFileListPaths = (
				"${PODS_ROOT}/Target Support Files/Pods-LSDLoseWeightPlan/Pods-LSDLoseWeightPlan-frameworks-${CONFIGURATION}-input-files.xcfilelist",
			);
			name = "[CP] Embed Pods Frameworks";
			outputFileListPaths = (
				"${PODS_ROOT}/Target Support Files/Pods-LSDLoseWeightPlan/Pods-LSDLoseWeightPlan-frameworks-${CONFIGURATION}-output-files.xcfilelist",
			);
			runOnlyForDeploymentPostprocessing = 0;
			shellPath = /bin/sh;
			shellScript = "\"${PODS_ROOT}/Target Support Files/Pods-LSDLoseWeightPlan/Pods-LSDLoseWeightPlan-frameworks.sh\"\n";
			showEnvVarsInLog = 0;
		};
/* End PBXShellScriptBuildPhase section */

/* Begin PBXSourcesBuildPhase section */
		5E4F4179259304A50063C1D5 /* Sources */ = {
			isa = PBXSourcesBuildPhase;
			buildActionMask = 2147483647;
			files = (
				5E839EFF25931ADA00815F43 /* RxTableViewCell.swift in Sources */,
				5EAB153F25A7EA7900DBA4EC /* MonthDescriptionView.swift in Sources */,
				5E839F322593337E00815F43 /* WeightModel.swift in Sources */,
				5E83A196259D7A7100815F43 /* CardsLayout.swift in Sources */,
				4521C09725AABAF20012D0E7 /* AnimatedTransition.swift in Sources */,
				5E6E49C625B027EB00CB5A96 /* RealmManager.swift in Sources */,
				5E74630D25C161CC00713F16 /* MonthWeightLineChartCell.swift in Sources */,
				5E4F422C25930B4E0063C1D5 /* BaseViewController.swift in Sources */,
				5E839F2C2593321F00815F43 /* GitHubAPI.swift in Sources */,
				5EAB14E325A6D19B00DBA4EC /* MonthRecordsViewController.swift in Sources */,
				5E839F0B2593224D00815F43 /* TargetViewController.swift in Sources */,
				5EAB150A25A6D2A000DBA4EC /* MonthChartsViewController.swift in Sources */,
				5EF9A3B425CA92BB008D3604 /* MonthDescriptionCellViewModel.swift in Sources */,
				45216A2C263FAA1A00792B8A /* Single+Response.swift in Sources */,
				5E6E49C325B0266600CB5A96 /* MonthObject.swift in Sources */,
				5E83A18E259D60D900815F43 /* MonthModel.swift in Sources */,
				5E839EFE25931ADA00815F43 /* RxCollectionViewCell.swift in Sources */,
				5E839F0525931AED00815F43 /* GlobalConstants.swift in Sources */,
				5E4F422F25930B4E0063C1D5 /* CustomTabBarController.swift in Sources */,
				5E839F382593356800815F43 /* WeightResponseModel.swift in Sources */,
				5E6E490E25A83CA300CB5A96 /* MonthDescriptionCell.swift in Sources */,
				5E6E491225A8456C00CB5A96 /* RecordsViewModel.swift in Sources */,
				5E6E492725ABDC8F00CB5A96 /* ChartsViewModel.swift in Sources */,
				5E4F422B25930B4E0063C1D5 /* RootViewController.swift in Sources */,
				5E4F41DD25930B330063C1D5 /* APIManager.swift in Sources */,
				5E4F4181259304A50063C1D5 /* AppDelegate.swift in Sources */,
				5E83A19A259D9A0100815F43 /* CardCell.swift in Sources */,
				45216A2A263FAA1A00792B8A /* Observable+Response.swift in Sources */,
				5E4F422E25930B4E0063C1D5 /* CustomTabBar.swift in Sources */,
				5E4F423025930B4E0063C1D5 /* BaseNavigationController.swift in Sources */,
				45216A2B263FAA1A00792B8A /* MoyaProvider+Rx.swift in Sources */,
				5E4F4183259304A50063C1D5 /* SceneDelegate.swift in Sources */,
				5E839F0425931AED00815F43 /* ViewExtensions.swift in Sources */,
			);
			runOnlyForDeploymentPostprocessing = 0;
		};
/* End PBXSourcesBuildPhase section */

/* Begin PBXVariantGroup section */
		5E4F4186259304A50063C1D5 /* Main.storyboard */ = {
			isa = PBXVariantGroup;
			children = (
				5E4F4187259304A50063C1D5 /* Base */,
			);
			name = Main.storyboard;
			sourceTree = "<group>";
		};
		5E4F418B259304A60063C1D5 /* LaunchScreen.storyboard */ = {
			isa = PBXVariantGroup;
			children = (
				5E4F418C259304A60063C1D5 /* Base */,
			);
			name = LaunchScreen.storyboard;
			sourceTree = "<group>";
		};
/* End PBXVariantGroup section */

/* Begin XCBuildConfiguration section */
		5E4F418F259304A60063C1D5 /* Debug */ = {
			isa = XCBuildConfiguration;
			buildSettings = {
				ALWAYS_SEARCH_USER_PATHS = NO;
				CLANG_ANALYZER_NONNULL = YES;
				CLANG_ANALYZER_NUMBER_OBJECT_CONVERSION = YES_AGGRESSIVE;
				CLANG_CXX_LANGUAGE_STANDARD = "gnu++14";
				CLANG_CXX_LIBRARY = "libc++";
				CLANG_ENABLE_MODULES = YES;
				CLANG_ENABLE_OBJC_ARC = YES;
				CLANG_ENABLE_OBJC_WEAK = YES;
				CLANG_WARN_BLOCK_CAPTURE_AUTORELEASING = YES;
				CLANG_WARN_BOOL_CONVERSION = YES;
				CLANG_WARN_COMMA = YES;
				CLANG_WARN_CONSTANT_CONVERSION = YES;
				CLANG_WARN_DEPRECATED_OBJC_IMPLEMENTATIONS = YES;
				CLANG_WARN_DIRECT_OBJC_ISA_USAGE = YES_ERROR;
				CLANG_WARN_DOCUMENTATION_COMMENTS = YES;
				CLANG_WARN_EMPTY_BODY = YES;
				CLANG_WARN_ENUM_CONVERSION = YES;
				CLANG_WARN_INFINITE_RECURSION = YES;
				CLANG_WARN_INT_CONVERSION = YES;
				CLANG_WARN_NON_LITERAL_NULL_CONVERSION = YES;
				CLANG_WARN_OBJC_IMPLICIT_RETAIN_SELF = YES;
				CLANG_WARN_OBJC_LITERAL_CONVERSION = YES;
				CLANG_WARN_OBJC_ROOT_CLASS = YES_ERROR;
				CLANG_WARN_QUOTED_INCLUDE_IN_FRAMEWORK_HEADER = YES;
				CLANG_WARN_RANGE_LOOP_ANALYSIS = YES;
				CLANG_WARN_STRICT_PROTOTYPES = YES;
				CLANG_WARN_SUSPICIOUS_MOVE = YES;
				CLANG_WARN_UNGUARDED_AVAILABILITY = YES_AGGRESSIVE;
				CLANG_WARN_UNREACHABLE_CODE = YES;
				CLANG_WARN__DUPLICATE_METHOD_MATCH = YES;
				COPY_PHASE_STRIP = NO;
				DEBUG_INFORMATION_FORMAT = dwarf;
				ENABLE_STRICT_OBJC_MSGSEND = YES;
				ENABLE_TESTABILITY = YES;
				GCC_C_LANGUAGE_STANDARD = gnu11;
				GCC_DYNAMIC_NO_PIC = NO;
				GCC_NO_COMMON_BLOCKS = YES;
				GCC_OPTIMIZATION_LEVEL = 0;
				GCC_PREPROCESSOR_DEFINITIONS = (
					"DEBUG=1",
					"$(inherited)",
				);
				GCC_WARN_64_TO_32_BIT_CONVERSION = YES;
				GCC_WARN_ABOUT_RETURN_TYPE = YES_ERROR;
				GCC_WARN_UNDECLARED_SELECTOR = YES;
				GCC_WARN_UNINITIALIZED_AUTOS = YES_AGGRESSIVE;
				GCC_WARN_UNUSED_FUNCTION = YES;
				GCC_WARN_UNUSED_VARIABLE = YES;
				IPHONEOS_DEPLOYMENT_TARGET = 14.3;
				MTL_ENABLE_DEBUG_INFO = INCLUDE_SOURCE;
				MTL_FAST_MATH = YES;
				ONLY_ACTIVE_ARCH = YES;
				SDKROOT = iphoneos;
				SWIFT_ACTIVE_COMPILATION_CONDITIONS = DEBUG;
				SWIFT_OPTIMIZATION_LEVEL = "-Onone";
			};
			name = Debug;
		};
		5E4F4190259304A60063C1D5 /* Release */ = {
			isa = XCBuildConfiguration;
			buildSettings = {
				ALWAYS_SEARCH_USER_PATHS = NO;
				CLANG_ANALYZER_NONNULL = YES;
				CLANG_ANALYZER_NUMBER_OBJECT_CONVERSION = YES_AGGRESSIVE;
				CLANG_CXX_LANGUAGE_STANDARD = "gnu++14";
				CLANG_CXX_LIBRARY = "libc++";
				CLANG_ENABLE_MODULES = YES;
				CLANG_ENABLE_OBJC_ARC = YES;
				CLANG_ENABLE_OBJC_WEAK = YES;
				CLANG_WARN_BLOCK_CAPTURE_AUTORELEASING = YES;
				CLANG_WARN_BOOL_CONVERSION = YES;
				CLANG_WARN_COMMA = YES;
				CLANG_WARN_CONSTANT_CONVERSION = YES;
				CLANG_WARN_DEPRECATED_OBJC_IMPLEMENTATIONS = YES;
				CLANG_WARN_DIRECT_OBJC_ISA_USAGE = YES_ERROR;
				CLANG_WARN_DOCUMENTATION_COMMENTS = YES;
				CLANG_WARN_EMPTY_BODY = YES;
				CLANG_WARN_ENUM_CONVERSION = YES;
				CLANG_WARN_INFINITE_RECURSION = YES;
				CLANG_WARN_INT_CONVERSION = YES;
				CLANG_WARN_NON_LITERAL_NULL_CONVERSION = YES;
				CLANG_WARN_OBJC_IMPLICIT_RETAIN_SELF = YES;
				CLANG_WARN_OBJC_LITERAL_CONVERSION = YES;
				CLANG_WARN_OBJC_ROOT_CLASS = YES_ERROR;
				CLANG_WARN_QUOTED_INCLUDE_IN_FRAMEWORK_HEADER = YES;
				CLANG_WARN_RANGE_LOOP_ANALYSIS = YES;
				CLANG_WARN_STRICT_PROTOTYPES = YES;
				CLANG_WARN_SUSPICIOUS_MOVE = YES;
				CLANG_WARN_UNGUARDED_AVAILABILITY = YES_AGGRESSIVE;
				CLANG_WARN_UNREACHABLE_CODE = YES;
				CLANG_WARN__DUPLICATE_METHOD_MATCH = YES;
				COPY_PHASE_STRIP = NO;
				DEBUG_INFORMATION_FORMAT = "dwarf-with-dsym";
				ENABLE_NS_ASSERTIONS = NO;
				ENABLE_STRICT_OBJC_MSGSEND = YES;
				GCC_C_LANGUAGE_STANDARD = gnu11;
				GCC_NO_COMMON_BLOCKS = YES;
				GCC_WARN_64_TO_32_BIT_CONVERSION = YES;
				GCC_WARN_ABOUT_RETURN_TYPE = YES_ERROR;
				GCC_WARN_UNDECLARED_SELECTOR = YES;
				GCC_WARN_UNINITIALIZED_AUTOS = YES_AGGRESSIVE;
				GCC_WARN_UNUSED_FUNCTION = YES;
				GCC_WARN_UNUSED_VARIABLE = YES;
				IPHONEOS_DEPLOYMENT_TARGET = 14.3;
				MTL_ENABLE_DEBUG_INFO = NO;
				MTL_FAST_MATH = YES;
				SDKROOT = iphoneos;
				SWIFT_COMPILATION_MODE = wholemodule;
				SWIFT_OPTIMIZATION_LEVEL = "-O";
				VALIDATE_PRODUCT = YES;
			};
			name = Release;
		};
		5E4F4192259304A60063C1D5 /* Debug */ = {
			isa = XCBuildConfiguration;
			baseConfigurationReference = 732F6EC0BC2D2DC3F0034D42 /* Pods-LSDLoseWeightPlan.debug.xcconfig */;
			buildSettings = {
				ASSETCATALOG_COMPILER_APPICON_NAME = AppIcon;
				ASSETCATALOG_COMPILER_GLOBAL_ACCENT_COLOR_NAME = AccentColor;
				CODE_SIGN_IDENTITY = "Apple Development";
				CODE_SIGN_STYLE = Automatic;
				DEVELOPMENT_TEAM = CV78BKBJ5Y;
				INFOPLIST_FILE = LSDLoseWeightPlan/Info.plist;
				LD_RUNPATH_SEARCH_PATHS = (
					"$(inherited)",
					"@executable_path/Frameworks",
				);
				PRODUCT_BUNDLE_IDENTIFIER = com.LSD.LSDLoseWeightPlan;
				PRODUCT_NAME = "$(TARGET_NAME)";
				PROVISIONING_PROFILE_SPECIFIER = "";
				SWIFT_VERSION = 5.0;
				TARGETED_DEVICE_FAMILY = "1,2";
			};
			name = Debug;
		};
		5E4F4193259304A60063C1D5 /* Release */ = {
			isa = XCBuildConfiguration;
			baseConfigurationReference = 32B740839EC127B76CF2C100 /* Pods-LSDLoseWeightPlan.release.xcconfig */;
			buildSettings = {
				ASSETCATALOG_COMPILER_APPICON_NAME = AppIcon;
				ASSETCATALOG_COMPILER_GLOBAL_ACCENT_COLOR_NAME = AccentColor;
				CODE_SIGN_IDENTITY = "Apple Development";
				CODE_SIGN_STYLE = Automatic;
				DEVELOPMENT_TEAM = CV78BKBJ5Y;
				INFOPLIST_FILE = LSDLoseWeightPlan/Info.plist;
				LD_RUNPATH_SEARCH_PATHS = (
					"$(inherited)",
					"@executable_path/Frameworks",
				);
				PRODUCT_BUNDLE_IDENTIFIER = com.LSD.LSDLoseWeightPlan;
				PRODUCT_NAME = "$(TARGET_NAME)";
				PROVISIONING_PROFILE_SPECIFIER = "";
				SWIFT_VERSION = 5.0;
				TARGETED_DEVICE_FAMILY = "1,2";
			};
			name = Release;
		};
/* End XCBuildConfiguration section */

/* Begin XCConfigurationList section */
		5E4F4178259304A50063C1D5 /* Build configuration list for PBXProject "LSDLoseWeightPlan" */ = {
			isa = XCConfigurationList;
			buildConfigurations = (
				5E4F418F259304A60063C1D5 /* Debug */,
				5E4F4190259304A60063C1D5 /* Release */,
			);
			defaultConfigurationIsVisible = 0;
			defaultConfigurationName = Release;
		};
		5E4F4191259304A60063C1D5 /* Build configuration list for PBXNativeTarget "LSDLoseWeightPlan" */ = {
			isa = XCConfigurationList;
			buildConfigurations = (
				5E4F4192259304A60063C1D5 /* Debug */,
				5E4F4193259304A60063C1D5 /* Release */,
			);
			defaultConfigurationIsVisible = 0;
			defaultConfigurationName = Release;
		};
/* End XCConfigurationList section */
	};
	rootObject = 5E4F4175259304A50063C1D5 /* Project object */;
}
